<?xml version="1.0" encoding="utf-8"?>
<Project ToolsVersion="4.0" xmlns="http://schemas.microsoft.com/developer/msbuild/2003">
  <ItemGroup>
    <Filter Include="Source Files">
      <UniqueIdentifier>{4FC737F1-C7A5-4376-A066-2A32D752A2FF}</UniqueIdentifier>
      <Extensions>cpp;c;cc;cxx;c++;cppm;ixx;def;odl;idl;hpj;bat;asm;asmx</Extensions>
    </Filter>
    <Filter Include="Header Files">
      <UniqueIdentifier>{93995380-89BD-4b04-88EB-625FBE52EBFB}</UniqueIdentifier>
      <Extensions>h;hh;hpp;hxx;h++;hm;inl;inc;ipp;xsd</Extensions>
    </Filter>
    <Filter Include="Resource Files">
      <UniqueIdentifier>{67DA6AB6-F800-4c08-8B7A-83BB121AAD01}</UniqueIdentifier>
      <Extensions>rc;ico;cur;bmp;dlg;rc2;rct;bin;rgs;gif;jpg;jpeg;jpe;resx;tiff;tif;png;wav;mfcribbon-ms</Extensions>
    </Filter>
    <Filter Include="3rdparty">
      <UniqueIdentifier>{cbfa505b-65df-47ac-a413-81233754cc30}</UniqueIdentifier>
    </Filter>
    <Filter Include="3rdparty\3rd-json-fifo-nlohmann">
      <UniqueIdentifier>{87713b19-2c2a-4efa-af5c-36a0131b86a6}</UniqueIdentifier>
    </Filter>
    <Filter Include="3rdparty\3rd-protocol-handler">
      <UniqueIdentifier>{ae935ad1-eae5-4e3f-8a9a-8d57a27f8232}</UniqueIdentifier>
    </Filter>
    <Filter Include="3rdparty\3rd-mfc-numeric-edit-ctrl">
      <UniqueIdentifier>{b5ac057b-950a-4576-a7c5-3cc0dfaa0a33}</UniqueIdentifier>
    </Filter>
    <Filter Include="3rdparty\3rd-mfc-easy-tree-ctrl">
      <UniqueIdentifier>{53bd7f39-86dd-4296-8eb2-f792ec3fd48e}</UniqueIdentifier>
    </Filter>
  </ItemGroup>
  <ItemGroup>
    <ClInclude Include="QLoaderApp.h">
      <Filter>Header Files</Filter>
    </ClInclude>
    <ClInclude Include="QLoaderDlg.h">
      <Filter>Header Files</Filter>
    </ClInclude>
    <ClInclude Include="framework.h">
      <Filter>Header Files</Filter>
    </ClInclude>
    <ClInclude Include="targetver.h">
      <Filter>Header Files</Filter>
    </ClInclude>
    <ClInclude Include="Resource.h">
      <Filter>Header Files</Filter>
    </ClInclude>
    <ClInclude Include="pch.h">
      <Filter>Header Files</Filter>
    </ClInclude>
    <ClInclude Include="types.h">
      <Filter>Header Files</Filter>
    </ClInclude>
    <ClInclude Include="QLoader.h">
      <Filter>Header Files</Filter>
    </ClInclude>
    <ClInclude Include="3rdparty\3rd-json-fifo-nlohmann\nlohmann\fifo_map.hpp">
      <Filter>3rdparty\3rd-json-fifo-nlohmann</Filter>
    </ClInclude>
    <ClInclude Include="3rdparty\3rd-json-fifo-nlohmann\nlohmann\json.hpp">
      <Filter>3rdparty\3rd-json-fifo-nlohmann</Filter>
    </ClInclude>
    <ClInclude Include="3rdparty\3rd-json-fifo-nlohmann\json-fifo-nlohmann.h">
      <Filter>3rdparty\3rd-json-fifo-nlohmann</Filter>
    </ClInclude>
    <ClInclude Include="3rdparty\3rd-protocol-handler\protocol-handler.h">
      <Filter>3rdparty\3rd-protocol-handler</Filter>
    </ClInclude>
    <ClInclude Include="PatchDlg.h">
      <Filter>Header Files</Filter>
    </ClInclude>
    <ClInclude Include="ModuleDlg.h">
      <Filter>Header Files</Filter>
    </ClInclude>
    <ClInclude Include="3rdparty\3rd-mfc-numeric-edit-ctrl\CNumericEditControl.h">
      <Filter>3rdparty\3rd-mfc-numeric-edit-ctrl</Filter>
    </ClInclude>
    <ClInclude Include="3rdparty\3rd-mfc-easy-tree-ctrl\EasyTreeCtrl.h">
      <Filter>3rdparty\3rd-mfc-easy-tree-ctrl</Filter>
    </ClInclude>
  </ItemGroup>
  <ItemGroup>
    <ClCompile Include="QLoaderApp.cpp">
      <Filter>Source Files</Filter>
    </ClCompile>
    <ClCompile Include="QLoaderDlg.cpp">
      <Filter>Source Files</Filter>
    </ClCompile>
    <ClCompile Include="pch.cpp">
      <Filter>Source Files</Filter>
    </ClCompile>
    <ClCompile Include="QLoader.cpp">
      <Filter>Source Files</Filter>
    </ClCompile>
    <ClCompile Include="3rdparty\3rd-protocol-handler\protocol-handler.cpp">
      <Filter>3rdparty\3rd-protocol-handler</Filter>
    </ClCompile>
    <ClCompile Include="PatchDlg.cpp">
      <Filter>Source Files</Filter>
    </ClCompile>
    <ClCompile Include="ModuleDlg.cpp">
      <Filter>Source Files</Filter>
    </ClCompile>
    <ClCompile Include="3rdparty\3rd-mfc-numeric-edit-ctrl\CNumericEditControl.cpp">
      <Filter>3rdparty\3rd-mfc-numeric-edit-ctrl</Filter>
    </ClCompile>
    <ClCompile Include="3rdparty\3rd-mfc-easy-tree-ctrl\EasyTreeCtrl.cpp">
      <Filter>3rdparty\3rd-mfc-easy-tree-ctrl</Filter>
    </ClCompile>
  </ItemGroup>
  <ItemGroup>
    <ResourceCompile Include="QLoader.rc">
      <Filter>Resource Files</Filter>
    </ResourceCompile>
  </ItemGroup>
  <ItemGroup>
    <None Include="res\QLoader.rc2">
      <Filter>Resource Files</Filter>
    </None>
  </ItemGroup>
  <ItemGroup>
    <Image Include="res\QLoader.ico">
      <Filter>Resource Files</Filter>
    </Image>
    <Image Include="res\log-small.bmp">
      <Filter>Resource Files</Filter>
    </Image>
  </ItemGroup>
</Project>