<?xml version="1.0" encoding="utf-8"?>
<Project ToolsVersion="4.0" xmlns="http://schemas.microsoft.com/developer/msbuild/2003">
  <ItemGroup>
    <Filter Include="Source Files">
      <UniqueIdentifier>{4FC737F1-C7A5-4376-A066-2A32D752A2FF}</UniqueIdentifier>
      <Extensions>cpp;c;cc;cxx;c++;cppm;ixx;def;odl;idl;hpj;bat;asm;asmx</Extensions>
    </Filter>
    <Filter Include="Header Files">
      <UniqueIdentifier>{93995380-89BD-4b04-88EB-625FBE52EBFB}</UniqueIdentifier>
      <Extensions>h;hh;hpp;hxx;h++;hm;inl;inc;ipp;xsd</Extensions>
    </Filter>
    <Filter Include="Resource Files">
      <UniqueIdentifier>{67DA6AB6-F800-4c08-8B7A-83BB121AAD01}</UniqueIdentifier>
      <Extensions>rc;ico;cur;bmp;dlg;rc2;rct;bin;rgs;gif;jpg;jpeg;jpe;resx;tiff;tif;png;wav;mfcribbon-ms</Extensions>
    </Filter>
    <Filter Include="3rdparty">
      <UniqueIdentifier>{cbfa505b-65df-47ac-a413-81233754cc30}</UniqueIdentifier>
    </Filter>
    <Filter Include="3rdparty\nlohmann">
      <UniqueIdentifier>{32ad3af0-b760-417f-bddb-6c3d0f154320}</UniqueIdentifier>
    </Filter>
    <Filter Include="3rdparty\nlohmann\include">
      <UniqueIdentifier>{88b047eb-837b-43da-856e-da36b6f58161}</UniqueIdentifier>
    </Filter>
    <Filter Include="reuse">
      <UniqueIdentifier>{64b0ea4a-a129-4f84-9e26-2031ad7d91da}</UniqueIdentifier>
    </Filter>
  </ItemGroup>
  <ItemGroup>
    <ClInclude Include="QickLoader.h">
      <Filter>Header Files</Filter>
    </ClInclude>
    <ClInclude Include="QickLoaderDlg.h">
      <Filter>Header Files</Filter>
    </ClInclude>
    <ClInclude Include="framework.h">
      <Filter>Header Files</Filter>
    </ClInclude>
    <ClInclude Include="targetver.h">
      <Filter>Header Files</Filter>
    </ClInclude>
    <ClInclude Include="Resource.h">
      <Filter>Header Files</Filter>
    </ClInclude>
    <ClInclude Include="pch.h">
      <Filter>Header Files</Filter>
    </ClInclude>
    <ClInclude Include="3rdparty\nlohmann\json.hpp">
      <Filter>3rdparty\nlohmann\include</Filter>
    </ClInclude>
    <ClInclude Include="EasyTreeCtrl.h">
      <Filter>reuse</Filter>
    </ClInclude>
  </ItemGroup>
  <ItemGroup>
    <ClCompile Include="QickLoader.cpp">
      <Filter>Source Files</Filter>
    </ClCompile>
    <ClCompile Include="QickLoaderDlg.cpp">
      <Filter>Source Files</Filter>
    </ClCompile>
    <ClCompile Include="pch.cpp">
      <Filter>Source Files</Filter>
    </ClCompile>
    <ClCompile Include="EasyTreeCtrl.cpp">
      <Filter>reuse</Filter>
    </ClCompile>
  </ItemGroup>
  <ItemGroup>
    <ResourceCompile Include="QickLoader.rc">
      <Filter>Resource Files</Filter>
    </ResourceCompile>
  </ItemGroup>
  <ItemGroup>
    <None Include="res\QickLoader.rc2">
      <Filter>Resource Files</Filter>
    </None>
  </ItemGroup>
  <ItemGroup>
    <Image Include="res\QickLoader.ico">
      <Filter>Resource Files</Filter>
    </Image>
  </ItemGroup>
</Project>